
Microsoft Visual Studio Solution File, Format Version 12.00
# Visual Studio Version 17
VisualStudioVersion = 17.8.34322.80
MinimumVisualStudioVersion = 10.0.40219.1
Project("{FAE04EC0-301F-11D3-BF4B-00C04F79EFBC}") = "RentACarApp", "RentACarApp.csproj", "{94956F4C-0E81-4AAB-B995-45B6C83B64E6}"
EndProject
Global
	GlobalSection(SolutionConfigurationPlatforms) = preSolution
		Debug|Any CPU = Debug|Any CPU
		Release|Any CPU = Release|Any CPU
	EndGlobalSection
	GlobalSection(ProjectConfigurationPlatforms) = postSolution
		{94956F4C-0E81-4AAB-B995-45B6C83B64E6}.Debug|Any CPU.ActiveCfg = Debug|Any CPU
		{94956F4C-0E81-4AAB-B995-45B6C83B64E6}.Debug|Any CPU.Build.0 = Debug|Any CPU
		{94956F4C-0E81-4AAB-B995-45B6C83B64E6}.Release|Any CPU.ActiveCfg = Release|Any CPU
		{94956F4C-0E81-4AAB-B995-45B6C83B64E6}.Release|Any CPU.Build.0 = Release|Any CPU
	EndGlobalSection
	GlobalSection(SolutionProperties) = preSolution
		HideSolutionNode = FALSE
	EndGlobalSection
	GlobalSection(ExtensibilityGlobals) = postSolution
		SolutionGuid = {5D1A4B68-B4F6-462A-B988-29806C80C64A}
	EndGlobalSection
EndGlobal
